// !$*UTF8*$!
{
	archiveVersion = 1;
	classes = {
	};
	objectVersion = 46;
	objects = {

/* Begin PBXBuildFile section */
		699AD6221E8047C500536BC9 /* AppDelegate.swift in Sources */ = {isa = PBXBuildFile; fileRef = 699AD6211E8047C500536BC9 /* AppDelegate.swift */; };
		699AD6271E8047C600536BC9 /* Main.storyboard in Resources */ = {isa = PBXBuildFile; fileRef = 699AD6251E8047C600536BC9 /* Main.storyboard */; };
		699AD6291E8047C600536BC9 /* Assets.xcassets in Resources */ = {isa = PBXBuildFile; fileRef = 699AD6281E8047C600536BC9 /* Assets.xcassets */; };
		699AD62C1E8047C600536BC9 /* LaunchScreen.storyboard in Resources */ = {isa = PBXBuildFile; fileRef = 699AD62A1E8047C600536BC9 /* LaunchScreen.storyboard */; };
		699AD6381E804F9B00536BC9 /* SignInViewController.swift in Sources */ = {isa = PBXBuildFile; fileRef = 699AD6371E804F9B00536BC9 /* SignInViewController.swift */; };
		699AD63A1E8050B100536BC9 /* SignInButton.swift in Sources */ = {isa = PBXBuildFile; fileRef = 699AD6391E8050B100536BC9 /* SignInButton.swift */; };
		699AD63C1E8050DF00536BC9 /* Extensions.swift in Sources */ = {isa = PBXBuildFile; fileRef = 699AD63B1E8050DF00536BC9 /* Extensions.swift */; };
/* End PBXBuildFile section */

/* Begin PBXFileReference section */
		699AD61E1E8047C500536BC9 /* whale-ios-juanpablo.app */ = {isa = PBXFileReference; explicitFileType = wrapper.application; includeInIndex = 0; path = "whale-ios-juanpablo.app"; sourceTree = BUILT_PRODUCTS_DIR; };
		699AD6211E8047C500536BC9 /* AppDelegate.swift */ = {isa = PBXFileReference; lastKnownFileType = sourcecode.swift; path = AppDelegate.swift; sourceTree = "<group>"; };
		699AD6261E8047C600536BC9 /* Base */ = {isa = PBXFileReference; lastKnownFileType = file.storyboard; name = Base; path = Base.lproj/Main.storyboard; sourceTree = "<group>"; };
		699AD6281E8047C600536BC9 /* Assets.xcassets */ = {isa = PBXFileReference; lastKnownFileType = folder.assetcatalog; path = Assets.xcassets; sourceTree = "<group>"; };
		699AD62B1E8047C600536BC9 /* Base */ = {isa = PBXFileReference; lastKnownFileType = file.storyboard; name = Base; path = Base.lproj/LaunchScreen.storyboard; sourceTree = "<group>"; };
		699AD62D1E8047C600536BC9 /* Info.plist */ = {isa = PBXFileReference; lastKnownFileType = text.plist.xml; path = Info.plist; sourceTree = "<group>"; };
		699AD6371E804F9B00536BC9 /* SignInViewController.swift */ = {isa = PBXFileReference; fileEncoding = 4; lastKnownFileType = sourcecode.swift; path = SignInViewController.swift; sourceTree = "<group>"; };
		699AD6391E8050B100536BC9 /* SignInButton.swift */ = {isa = PBXFileReference; fileEncoding = 4; lastKnownFileType = sourcecode.swift; path = SignInButton.swift; sourceTree = "<group>"; };
		699AD63B1E8050DF00536BC9 /* Extensions.swift */ = {isa = PBXFileReference; fileEncoding = 4; lastKnownFileType = sourcecode.swift; path = Extensions.swift; sourceTree = "<group>"; };
/* End PBXFileReference section */

/* Begin PBXFrameworksBuildPhase section */
		699AD61B1E8047C500536BC9 /* Frameworks */ = {
			isa = PBXFrameworksBuildPhase;
			buildActionMask = 2147483647;
			files = (
			);
			runOnlyForDeploymentPostprocessing = 0;
		};
/* End PBXFrameworksBuildPhase section */

/* Begin PBXGroup section */
		699AD6151E8047C500536BC9 = {
			isa = PBXGroup;
			children = (
				699AD6201E8047C500536BC9 /* whale-ios-juanpablo */,
				699AD61F1E8047C500536BC9 /* Products */,
			);
			sourceTree = "<group>";
		};
		699AD61F1E8047C500536BC9 /* Products */ = {
			isa = PBXGroup;
			children = (
				699AD61E1E8047C500536BC9 /* whale-ios-juanpablo.app */,
			);
			name = Products;
			sourceTree = "<group>";
		};
		699AD6201E8047C500536BC9 /* whale-ios-juanpablo */ = {
			isa = PBXGroup;
			children = (
				699AD6211E8047C500536BC9 /* AppDelegate.swift */,
				699AD6331E80496100536BC9 /* Extensions */,
				699AD6341E80496F00536BC9 /* UI */,
				699AD6351E80499300536BC9 /* Networking */,
				699AD6361E804F7000536BC9 /* Controllers */,
				699AD6281E8047C600536BC9 /* Assets.xcassets */,
				699AD62A1E8047C600536BC9 /* LaunchScreen.storyboard */,
				699AD62D1E8047C600536BC9 /* Info.plist */,
				699AD6391E8050B100536BC9 /* SignInButton.swift */,
			);
			path = "whale-ios-juanpablo";
			sourceTree = "<group>";
		};
		699AD6331E80496100536BC9 /* Extensions */ = {
			isa = PBXGroup;
			children = (
				699AD63B1E8050DF00536BC9 /* Extensions.swift */,
			);
			name = Extensions;
			sourceTree = "<group>";
		};
		699AD6341E80496F00536BC9 /* UI */ = {
			isa = PBXGroup;
			children = (
				699AD6251E8047C600536BC9 /* Main.storyboard */,
			);
			name = UI;
			sourceTree = "<group>";
		};
		699AD6351E80499300536BC9 /* Networking */ = {
			isa = PBXGroup;
			children = (
			);
			name = Networking;
			sourceTree = "<group>";
		};
		699AD6361E804F7000536BC9 /* Controllers */ = {
			isa = PBXGroup;
			children = (
				699AD6371E804F9B00536BC9 /* SignInViewController.swift */,
			);
			name = Controllers;
			sourceTree = "<group>";
		};
/* End PBXGroup section */

/* Begin PBXNativeTarget section */
		699AD61D1E8047C500536BC9 /* whale-ios-juanpablo */ = {
			isa = PBXNativeTarget;
			buildConfigurationList = 699AD6301E8047C600536BC9 /* Build configuration list for PBXNativeTarget "whale-ios-juanpablo" */;
			buildPhases = (
				699AD61A1E8047C500536BC9 /* Sources */,
				699AD61B1E8047C500536BC9 /* Frameworks */,
				699AD61C1E8047C500536BC9 /* Resources */,
			);
			buildRules = (
			);
			dependencies = (
			);
			name = "whale-ios-juanpablo";
			productName = "whale-ios-juanpablo";
			productReference = 699AD61E1E8047C500536BC9 /* whale-ios-juanpablo.app */;
			productType = "com.apple.product-type.application";
		};
/* End PBXNativeTarget section */

/* Begin PBXProject section */
		699AD6161E8047C500536BC9 /* Project object */ = {
			isa = PBXProject;
			attributes = {
				LastSwiftUpdateCheck = 0820;
				LastUpgradeCheck = 0820;
				ORGANIZATIONNAME = "Juan Pablo Fernandez";
				TargetAttributes = {
					699AD61D1E8047C500536BC9 = {
						CreatedOnToolsVersion = 8.2.1;
						DevelopmentTeam = V92SZ8966T;
						ProvisioningStyle = Automatic;
					};
				};
			};
			buildConfigurationList = 699AD6191E8047C500536BC9 /* Build configuration list for PBXProject "whale-ios-juanpablo" */;
			compatibilityVersion = "Xcode 3.2";
			developmentRegion = English;
			hasScannedForEncodings = 0;
			knownRegions = (
				en,
				Base,
			);
			mainGroup = 699AD6151E8047C500536BC9;
			productRefGroup = 699AD61F1E8047C500536BC9 /* Products */;
			projectDirPath = "";
			projectRoot = "";
			targets = (
				699AD61D1E8047C500536BC9 /* whale-ios-juanpablo */,
			);
		};
/* End PBXProject section */

/* Begin PBXResourcesBuildPhase section */
		699AD61C1E8047C500536BC9 /* Resources */ = {
			isa = PBXResourcesBuildPhase;
			buildActionMask = 2147483647;
			files = (
				699AD62C1E8047C600536BC9 /* LaunchScreen.storyboard in Resources */,
				699AD6291E8047C600536BC9 /* Assets.xcassets in Resources */,
				699AD6271E8047C600536BC9 /* Main.storyboard in Resources */,
			);
			runOnlyForDeploymentPostprocessing = 0;
		};
/* End PBXResourcesBuildPhase section */

/* Begin PBXSourcesBuildPhase section */
		699AD61A1E8047C500536BC9 /* Sources */ = {
			isa = PBXSourcesBuildPhase;
			buildActionMask = 2147483647;
			files = (
				699AD6381E804F9B00536BC9 /* SignInViewController.swift in Sources */,
				699AD6221E8047C500536BC9 /* AppDelegate.swift in Sources */,
				699AD63A1E8050B100536BC9 /* SignInButton.swift in Sources */,
				699AD63C1E8050DF00536BC9 /* Extensions.swift in Sources */,
			);
			runOnlyForDeploymentPostprocessing = 0;
		};
/* End PBXSourcesBuildPhase section */

/* Begin PBXVariantGroup section */
		699AD6251E8047C600536BC9 /* Main.storyboard */ = {
			isa = PBXVariantGroup;
			children = (
				699AD6261E8047C600536BC9 /* Base */,
			);
			name = Main.storyboard;
			sourceTree = "<group>";
		};
		699AD62A1E8047C600536BC9 /* LaunchScreen.storyboard */ = {
			isa = PBXVariantGroup;
			children = (
				699AD62B1E8047C600536BC9 /* Base */,
			);
			name = LaunchScreen.storyboard;
			sourceTree = "<group>";
		};
/* End PBXVariantGroup section */

/* Begin XCBuildConfiguration section */
		699AD62E1E8047C600536BC9 /* Debug */ = {
			isa = XCBuildConfiguration;
			buildSettings = {
				ALWAYS_SEARCH_USER_PATHS = NO;
				CLANG_ANALYZER_NONNULL = YES;
				CLANG_CXX_LANGUAGE_STANDARD = "gnu++0x";
				CLANG_CXX_LIBRARY = "libc++";
				CLANG_ENABLE_MODULES = YES;
				CLANG_ENABLE_OBJC_ARC = YES;
				CLANG_WARN_BOOL_CONVERSION = YES;
				CLANG_WARN_CONSTANT_CONVERSION = YES;
				CLANG_WARN_DIRECT_OBJC_ISA_USAGE = YES_ERROR;
				CLANG_WARN_DOCUMENTATION_COMMENTS = YES;
				CLANG_WARN_EMPTY_BODY = YES;
				CLANG_WARN_ENUM_CONVERSION = YES;
				CLANG_WARN_INFINITE_RECURSION = YES;
				CLANG_WARN_INT_CONVERSION = YES;
				CLANG_WARN_OBJC_ROOT_CLASS = YES_ERROR;
				CLANG_WARN_SUSPICIOUS_MOVE = YES;
				CLANG_WARN_UNREACHABLE_CODE = YES;
				CLANG_WARN__DUPLICATE_METHOD_MATCH = YES;
				"CODE_SIGN_IDENTITY[sdk=iphoneos*]" = "iPhone Developer";
				COPY_PHASE_STRIP = NO;
				DEBUG_INFORMATION_FORMAT = dwarf;
				ENABLE_STRICT_OBJC_MSGSEND = YES;
				ENABLE_TESTABILITY = YES;
				GCC_C_LANGUAGE_STANDARD = gnu99;
				GCC_DYNAMIC_NO_PIC = NO;
				GCC_NO_COMMON_BLOCKS = YES;
				GCC_OPTIMIZATION_LEVEL = 0;
				GCC_PREPROCESSOR_DEFINITIONS = (
					"DEBUG=1",
					"$(inherited)",
				);
				GCC_WARN_64_TO_32_BIT_CONVERSION = YES;
				GCC_WARN_ABOUT_RETURN_TYPE = YES_ERROR;
				GCC_WARN_UNDECLARED_SELECTOR = YES;
				GCC_WARN_UNINITIALIZED_AUTOS = YES_AGGRESSIVE;
				GCC_WARN_UNUSED_FUNCTION = YES;
				GCC_WARN_UNUSED_VARIABLE = YES;
				IPHONEOS_DEPLOYMENT_TARGET = 10.2;
				MTL_ENABLE_DEBUG_INFO = YES;
				ONLY_ACTIVE_ARCH = YES;
				SDKROOT = iphoneos;
				SWIFT_ACTIVE_COMPILATION_CONDITIONS = DEBUG;
				SWIFT_OPTIMIZATION_LEVEL = "-Onone";
			};
			name = Debug;
		};
		699AD62F1E8047C600536BC9 /* Release */ = {
			isa = XCBuildConfiguration;
			buildSettings = {
				ALWAYS_SEARCH_USER_PATHS = NO;
				CLANG_ANALYZER_NONNULL = YES;
				CLANG_CXX_LANGUAGE_STANDARD = "gnu++0x";
				CLANG_CXX_LIBRARY = "libc++";
				CLANG_ENABLE_MODULES = YES;
				CLANG_ENABLE_OBJC_ARC = YES;
				CLANG_WARN_BOOL_CONVERSION = YES;
				CLANG_WARN_CONSTANT_CONVERSION = YES;
				CLANG_WARN_DIRECT_OBJC_ISA_USAGE = YES_ERROR;
				CLANG_WARN_DOCUMENTATION_COMMENTS = YES;
				CLANG_WARN_EMPTY_BODY = YES;
				CLANG_WARN_ENUM_CONVERSION = YES;
				CLANG_WARN_INFINITE_RECURSION = YES;
				CLANG_WARN_INT_CONVERSION = YES;
				CLANG_WARN_OBJC_ROOT_CLASS = YES_ERROR;
				CLANG_WARN_SUSPICIOUS_MOVE = YES;
				CLANG_WARN_UNREACHABLE_CODE = YES;
				CLANG_WARN__DUPLICATE_METHOD_MATCH = YES;
				"CODE_SIGN_IDENTITY[sdk=iphoneos*]" = "iPhone Developer";
				COPY_PHASE_STRIP = NO;
				DEBUG_INFORMATION_FORMAT = "dwarf-with-dsym";
				ENABLE_NS_ASSERTIONS = NO;
				ENABLE_STRICT_OBJC_MSGSEND = YES;
				GCC_C_LANGUAGE_STANDARD = gnu99;
				GCC_NO_COMMON_BLOCKS = YES;
				GCC_WARN_64_TO_32_BIT_CONVERSION = YES;
				GCC_WARN_ABOUT_RETURN_TYPE = YES_ERROR;
				GCC_WARN_UNDECLARED_SELECTOR = YES;
				GCC_WARN_UNINITIALIZED_AUTOS = YES_AGGRESSIVE;
				GCC_WARN_UNUSED_FUNCTION = YES;
				GCC_WARN_UNUSED_VARIABLE = YES;
				IPHONEOS_DEPLOYMENT_TARGET = 10.2;
				MTL_ENABLE_DEBUG_INFO = NO;
				SDKROOT = iphoneos;
				SWIFT_OPTIMIZATION_LEVEL = "-Owholemodule";
				VALIDATE_PRODUCT = YES;
			};
			name = Release;
		};
		699AD6311E8047C600536BC9 /* Debug */ = {
			isa = XCBuildConfiguration;
			buildSettings = {
				ASSETCATALOG_COMPILER_APPICON_NAME = AppIcon;
				DEVELOPMENT_TEAM = V92SZ8966T;
				INFOPLIST_FILE = "whale-ios-juanpablo/Info.plist";
				LD_RUNPATH_SEARCH_PATHS = "$(inherited) @executable_path/Frameworks";
				PRODUCT_BUNDLE_IDENTIFIER = "com.juanpablofernandez.whale-ios-juanpablo";
				PRODUCT_NAME = "$(TARGET_NAME)";
				SWIFT_VERSION = 3.0;
			};
			name = Debug;
		};
		699AD6321E8047C600536BC9 /* Release */ = {
			isa = XCBuildConfiguration;
			buildSettings = {
				ASSETCATALOG_COMPILER_APPICON_NAME = AppIcon;
				DEVELOPMENT_TEAM = V92SZ8966T;
				INFOPLIST_FILE = "whale-ios-juanpablo/Info.plist";
				LD_RUNPATH_SEARCH_PATHS = "$(inherited) @executable_path/Frameworks";
				PRODUCT_BUNDLE_IDENTIFIER = "com.juanpablofernandez.whale-ios-juanpablo";
				PRODUCT_NAME = "$(TARGET_NAME)";
				SWIFT_VERSION = 3.0;
			};
			name = Release;
		};
/* End XCBuildConfiguration section */

/* Begin XCConfigurationList section */
		699AD6191E8047C500536BC9 /* Build configuration list for PBXProject "whale-ios-juanpablo" */ = {
			isa = XCConfigurationList;
			buildConfigurations = (
				699AD62E1E8047C600536BC9 /* Debug */,
				699AD62F1E8047C600536BC9 /* Release */,
			);
			defaultConfigurationIsVisible = 0;
			defaultConfigurationName = Release;
		};
		699AD6301E8047C600536BC9 /* Build configuration list for PBXNativeTarget "whale-ios-juanpablo" */ = {
			isa = XCConfigurationList;
			buildConfigurations = (
				699AD6311E8047C600536BC9 /* Debug */,
				699AD6321E8047C600536BC9 /* Release */,
			);
			defaultConfigurationIsVisible = 0;
		};
/* End XCConfigurationList section */
	};
	rootObject = 699AD6161E8047C500536BC9 /* Project object */;
}
